
Microsoft Visual Studio Solution File, Format Version 12.00
# Visual Studio Version 16
VisualStudioVersion = 16.0.33027.164
MinimumVisualStudioVersion = 10.0.40219.1
Project("{FAE04EC0-301F-11D3-BF4B-00C04F79EFBC}") = "NetWithDAL", "NetWithDAL.csproj", "{AD6E8598-6E72-4319-8A0D-8D4A16C53896}"
EndProject
Global
	GlobalSection(SolutionConfigurationPlatforms) = preSolution
		Debug|Any CPU = Debug|Any CPU
		Release|Any CPU = Release|Any CPU
	EndGlobalSection
	GlobalSection(ProjectConfigurationPlatforms) = postSolution
		{AD6E8598-6E72-4319-8A0D-8D4A16C53896}.Debug|Any CPU.ActiveCfg = Debug|Any CPU
		{AD6E8598-6E72-4319-8A0D-8D4A16C53896}.Debug|Any CPU.Build.0 = Debug|Any CPU
		{AD6E8598-6E72-4319-8A0D-8D4A16C53896}.Release|Any CPU.ActiveCfg = Release|Any CPU
		{AD6E8598-6E72-4319-8A0D-8D4A16C53896}.Release|Any CPU.Build.0 = Release|Any CPU
	EndGlobalSection
	GlobalSection(SolutionProperties) = preSolution
		HideSolutionNode = FALSE
	EndGlobalSection
	GlobalSection(ExtensibilityGlobals) = postSolution
		SolutionGuid = {BC0CF622-266F-4AFE-AF6D-EED5A27B8A43}
	EndGlobalSection
EndGlobal
